{
  "name": "test-pkg",
  "lockfileVersion": 2,
  "requires": true,
  "packages": {
    "": {
      "name": "test-pkg",
      "dependencies": {
        "@teppeis/multimaps": "file:.."
      }
    },
    "..": {
      "name": "@teppeis/multimaps",
      "version": "2.0.0",
      "license": "MIT",
      "devDependencies": {
        "@types/node": "^14.18.13",
        "c8": "^7.11.2",
        "eslint": "^8.14.0",
        "eslint-config-teppeis": "^15.0.1",
        "npm-run-all": "^4.1.5",
        "power-assert": "^1.6.1",
        "prettier": "^2.6.2",
        "rimraf": "^3.0.2",
        "typescript": "^4.7.0-beta",
        "vitest": "^0.9.4"
      },
      "engines": {
        "node": ">=14"
      }
    },
    "node_modules/@teppeis/multimaps": {
      "resolved": "..",
      "link": true
    }
  },
  "dependencies": {
    "@teppeis/multimaps": {
      "version": "file:..",
      "requires": {
        "@types/node": "^14.18.13",
        "c8": "^7.11.2",
        "eslint": "^8.14.0",
        "eslint-config-teppeis": "^15.0.1",
        "npm-run-all": "^4.1.5",
        "power-assert": "^1.6.1",
        "prettier": "^2.6.2",
        "rimraf": "^3.0.2",
        "typescript": "^4.7.0-beta",
        "vitest": "^0.9.4"
      }
    }
  }
}
